
Microsoft Visual Studio Solution File, Format Version 12.00
# Visual Studio 15
VisualStudioVersion = 15.0.27004.2009
MinimumVisualStudioVersion = 10.0.40219.1
Project("{FAE04EC0-301F-11D3-BF4B-00C04F79EFBC}") = "AppFoto.Android", "AppFoto\AppFoto.Android\AppFoto.Android.csproj", "{09D4E79E-FD22-4BFB-B933-E81803EF9577}"
EndProject
Project("{FAE04EC0-301F-11D3-BF4B-00C04F79EFBC}") = "AppFoto", "AppFoto\AppFoto\AppFoto.csproj", "{03607C3F-371E-4FBA-92CA-04F1FA0A7A6F}"
EndProject
Project("{FAE04EC0-301F-11D3-BF4B-00C04F79EFBC}") = "AppFoto.iOS", "AppFoto\AppFoto.iOS\AppFoto.iOS.csproj", "{D6BB4750-5812-4C06-96EE-8937511EEF19}"
EndProject
Global
	GlobalSection(SolutionConfigurationPlatforms) = preSolution
		Ad-Hoc|Any CPU = Ad-Hoc|Any CPU
		Ad-Hoc|iPhone = Ad-Hoc|iPhone
		Ad-Hoc|iPhoneSimulator = Ad-Hoc|iPhoneSimulator
		AppStore|Any CPU = AppStore|Any CPU
		AppStore|iPhone = AppStore|iPhone
		AppStore|iPhoneSimulator = AppStore|iPhoneSimulator
		Debug|Any CPU = Debug|Any CPU
		Debug|iPhone = Debug|iPhone
		Debug|iPhoneSimulator = Debug|iPhoneSimulator
		Release|Any CPU = Release|Any CPU
		Release|iPhone = Release|iPhone
		Release|iPhoneSimulator = Release|iPhoneSimulator
	EndGlobalSection
	GlobalSection(ProjectConfigurationPlatforms) = postSolution
		{09D4E79E-FD22-4BFB-B933-E81803EF9577}.Ad-Hoc|Any CPU.ActiveCfg = Release|Any CPU
		{09D4E79E-FD22-4BFB-B933-E81803EF9577}.Ad-Hoc|Any CPU.Build.0 = Release|Any CPU
		{09D4E79E-FD22-4BFB-B933-E81803EF9577}.Ad-Hoc|Any CPU.Deploy.0 = Release|Any CPU
		{09D4E79E-FD22-4BFB-B933-E81803EF9577}.Ad-Hoc|iPhone.ActiveCfg = Release|Any CPU
		{09D4E79E-FD22-4BFB-B933-E81803EF9577}.Ad-Hoc|iPhone.Build.0 = Release|Any CPU
		{09D4E79E-FD22-4BFB-B933-E81803EF9577}.Ad-Hoc|iPhone.Deploy.0 = Release|Any CPU
		{09D4E79E-FD22-4BFB-B933-E81803EF9577}.Ad-Hoc|iPhoneSimulator.ActiveCfg = Release|Any CPU
		{09D4E79E-FD22-4BFB-B933-E81803EF9577}.Ad-Hoc|iPhoneSimulator.Build.0 = Release|Any CPU
		{09D4E79E-FD22-4BFB-B933-E81803EF9577}.Ad-Hoc|iPhoneSimulator.Deploy.0 = Release|Any CPU
		{09D4E79E-FD22-4BFB-B933-E81803EF9577}.AppStore|Any CPU.ActiveCfg = Release|Any CPU
		{09D4E79E-FD22-4BFB-B933-E81803EF9577}.AppStore|Any CPU.Build.0 = Release|Any CPU
		{09D4E79E-FD22-4BFB-B933-E81803EF9577}.AppStore|Any CPU.Deploy.0 = Release|Any CPU
		{09D4E79E-FD22-4BFB-B933-E81803EF9577}.AppStore|iPhone.ActiveCfg = Release|Any CPU
		{09D4E79E-FD22-4BFB-B933-E81803EF9577}.AppStore|iPhone.Build.0 = Release|Any CPU
		{09D4E79E-FD22-4BFB-B933-E81803EF9577}.AppStore|iPhone.Deploy.0 = Release|Any CPU
		{09D4E79E-FD22-4BFB-B933-E81803EF9577}.AppStore|iPhoneSimulator.ActiveCfg = Release|Any CPU
		{09D4E79E-FD22-4BFB-B933-E81803EF9577}.AppStore|iPhoneSimulator.Build.0 = Release|Any CPU
		{09D4E79E-FD22-4BFB-B933-E81803EF9577}.AppStore|iPhoneSimulator.Deploy.0 = Release|Any CPU
		{09D4E79E-FD22-4BFB-B933-E81803EF9577}.Debug|Any CPU.ActiveCfg = Debug|Any CPU
		{09D4E79E-FD22-4BFB-B933-E81803EF9577}.Debug|Any CPU.Build.0 = Debug|Any CPU
		{09D4E79E-FD22-4BFB-B933-E81803EF9577}.Debug|Any CPU.Deploy.0 = Debug|Any CPU
		{09D4E79E-FD22-4BFB-B933-E81803EF9577}.Debug|iPhone.ActiveCfg = Debug|Any CPU
		{09D4E79E-FD22-4BFB-B933-E81803EF9577}.Debug|iPhone.Build.0 = Debug|Any CPU
		{09D4E79E-FD22-4BFB-B933-E81803EF9577}.Debug|iPhone.Deploy.0 = Debug|Any CPU
		{09D4E79E-FD22-4BFB-B933-E81803EF9577}.Debug|iPhoneSimulator.ActiveCfg = Debug|Any CPU
		{09D4E79E-FD22-4BFB-B933-E81803EF9577}.Debug|iPhoneSimulator.Build.0 = Debug|Any CPU
		{09D4E79E-FD22-4BFB-B933-E81803EF9577}.Debug|iPhoneSimulator.Deploy.0 = Debug|Any CPU
		{09D4E79E-FD22-4BFB-B933-E81803EF9577}.Release|Any CPU.ActiveCfg = Release|Any CPU
		{09D4E79E-FD22-4BFB-B933-E81803EF9577}.Release|Any CPU.Build.0 = Release|Any CPU
		{09D4E79E-FD22-4BFB-B933-E81803EF9577}.Release|Any CPU.Deploy.0 = Release|Any CPU
		{09D4E79E-FD22-4BFB-B933-E81803EF9577}.Release|iPhone.ActiveCfg = Release|Any CPU
		{09D4E79E-FD22-4BFB-B933-E81803EF9577}.Release|iPhone.Build.0 = Release|Any CPU
		{09D4E79E-FD22-4BFB-B933-E81803EF9577}.Release|iPhone.Deploy.0 = Release|Any CPU
		{09D4E79E-FD22-4BFB-B933-E81803EF9577}.Release|iPhoneSimulator.ActiveCfg = Release|Any CPU
		{09D4E79E-FD22-4BFB-B933-E81803EF9577}.Release|iPhoneSimulator.Build.0 = Release|Any CPU
		{09D4E79E-FD22-4BFB-B933-E81803EF9577}.Release|iPhoneSimulator.Deploy.0 = Release|Any CPU
		{03607C3F-371E-4FBA-92CA-04F1FA0A7A6F}.Ad-Hoc|Any CPU.ActiveCfg = Release|Any CPU
		{03607C3F-371E-4FBA-92CA-04F1FA0A7A6F}.Ad-Hoc|Any CPU.Build.0 = Release|Any CPU
		{03607C3F-371E-4FBA-92CA-04F1FA0A7A6F}.Ad-Hoc|iPhone.ActiveCfg = Release|Any CPU
		{03607C3F-371E-4FBA-92CA-04F1FA0A7A6F}.Ad-Hoc|iPhone.Build.0 = Release|Any CPU
		{03607C3F-371E-4FBA-92CA-04F1FA0A7A6F}.Ad-Hoc|iPhoneSimulator.ActiveCfg = Release|Any CPU
		{03607C3F-371E-4FBA-92CA-04F1FA0A7A6F}.Ad-Hoc|iPhoneSimulator.Build.0 = Release|Any CPU
		{03607C3F-371E-4FBA-92CA-04F1FA0A7A6F}.AppStore|Any CPU.ActiveCfg = Release|Any CPU
		{03607C3F-371E-4FBA-92CA-04F1FA0A7A6F}.AppStore|Any CPU.Build.0 = Release|Any CPU
		{03607C3F-371E-4FBA-92CA-04F1FA0A7A6F}.AppStore|iPhone.ActiveCfg = Release|Any CPU
		{03607C3F-371E-4FBA-92CA-04F1FA0A7A6F}.AppStore|iPhone.Build.0 = Release|Any CPU
		{03607C3F-371E-4FBA-92CA-04F1FA0A7A6F}.AppStore|iPhoneSimulator.ActiveCfg = Release|Any CPU
		{03607C3F-371E-4FBA-92CA-04F1FA0A7A6F}.AppStore|iPhoneSimulator.Build.0 = Release|Any CPU
		{03607C3F-371E-4FBA-92CA-04F1FA0A7A6F}.Debug|Any CPU.ActiveCfg = Debug|Any CPU
		{03607C3F-371E-4FBA-92CA-04F1FA0A7A6F}.Debug|Any CPU.Build.0 = Debug|Any CPU
		{03607C3F-371E-4FBA-92CA-04F1FA0A7A6F}.Debug|iPhone.ActiveCfg = Debug|Any CPU
		{03607C3F-371E-4FBA-92CA-04F1FA0A7A6F}.Debug|iPhone.Build.0 = Debug|Any CPU
		{03607C3F-371E-4FBA-92CA-04F1FA0A7A6F}.Debug|iPhoneSimulator.ActiveCfg = Debug|Any CPU
		{03607C3F-371E-4FBA-92CA-04F1FA0A7A6F}.Debug|iPhoneSimulator.Build.0 = Debug|Any CPU
		{03607C3F-371E-4FBA-92CA-04F1FA0A7A6F}.Release|Any CPU.ActiveCfg = Release|Any CPU
		{03607C3F-371E-4FBA-92CA-04F1FA0A7A6F}.Release|Any CPU.Build.0 = Release|Any CPU
		{03607C3F-371E-4FBA-92CA-04F1FA0A7A6F}.Release|iPhone.ActiveCfg = Release|Any CPU
		{03607C3F-371E-4FBA-92CA-04F1FA0A7A6F}.Release|iPhone.Build.0 = Release|Any CPU
		{03607C3F-371E-4FBA-92CA-04F1FA0A7A6F}.Release|iPhoneSimulator.ActiveCfg = Release|Any CPU
		{03607C3F-371E-4FBA-92CA-04F1FA0A7A6F}.Release|iPhoneSimulator.Build.0 = Release|Any CPU
		{D6BB4750-5812-4C06-96EE-8937511EEF19}.Ad-Hoc|Any CPU.ActiveCfg = Ad-Hoc|iPhoneSimulator
		{D6BB4750-5812-4C06-96EE-8937511EEF19}.Ad-Hoc|iPhone.ActiveCfg = Ad-Hoc|iPhone
		{D6BB4750-5812-4C06-96EE-8937511EEF19}.Ad-Hoc|iPhone.Build.0 = Ad-Hoc|iPhone
		{D6BB4750-5812-4C06-96EE-8937511EEF19}.Ad-Hoc|iPhoneSimulator.ActiveCfg = Ad-Hoc|iPhoneSimulator
		{D6BB4750-5812-4C06-96EE-8937511EEF19}.Ad-Hoc|iPhoneSimulator.Build.0 = Ad-Hoc|iPhoneSimulator
		{D6BB4750-5812-4C06-96EE-8937511EEF19}.AppStore|Any CPU.ActiveCfg = AppStore|iPhoneSimulator
		{D6BB4750-5812-4C06-96EE-8937511EEF19}.AppStore|iPhone.ActiveCfg = AppStore|iPhone
		{D6BB4750-5812-4C06-96EE-8937511EEF19}.AppStore|iPhone.Build.0 = AppStore|iPhone
		{D6BB4750-5812-4C06-96EE-8937511EEF19}.AppStore|iPhoneSimulator.ActiveCfg = AppStore|iPhoneSimulator
		{D6BB4750-5812-4C06-96EE-8937511EEF19}.AppStore|iPhoneSimulator.Build.0 = AppStore|iPhoneSimulator
		{D6BB4750-5812-4C06-96EE-8937511EEF19}.Debug|Any CPU.ActiveCfg = Debug|iPhoneSimulator
		{D6BB4750-5812-4C06-96EE-8937511EEF19}.Debug|iPhone.ActiveCfg = Debug|iPhone
		{D6BB4750-5812-4C06-96EE-8937511EEF19}.Debug|iPhone.Build.0 = Debug|iPhone
		{D6BB4750-5812-4C06-96EE-8937511EEF19}.Debug|iPhoneSimulator.ActiveCfg = Debug|iPhoneSimulator
		{D6BB4750-5812-4C06-96EE-8937511EEF19}.Debug|iPhoneSimulator.Build.0 = Debug|iPhoneSimulator
		{D6BB4750-5812-4C06-96EE-8937511EEF19}.Release|Any CPU.ActiveCfg = Release|iPhoneSimulator
		{D6BB4750-5812-4C06-96EE-8937511EEF19}.Release|iPhone.ActiveCfg = Release|iPhone
		{D6BB4750-5812-4C06-96EE-8937511EEF19}.Release|iPhone.Build.0 = Release|iPhone
		{D6BB4750-5812-4C06-96EE-8937511EEF19}.Release|iPhoneSimulator.ActiveCfg = Release|iPhoneSimulator
		{D6BB4750-5812-4C06-96EE-8937511EEF19}.Release|iPhoneSimulator.Build.0 = Release|iPhoneSimulator
	EndGlobalSection
	GlobalSection(SolutionProperties) = preSolution
		HideSolutionNode = FALSE
	EndGlobalSection
	GlobalSection(ExtensibilityGlobals) = postSolution
		SolutionGuid = {54958ADE-3125-439F-9455-49D536187F99}
	EndGlobalSection
EndGlobal
